# This file was autogenerated by Stack.
# You should not edit this file by hand.
# For more information, please see the documentation at:
#   https://docs.haskellstack.org/en/stable/lock_files

packages:
- completed:
    name: tomland
    version: 1.3.0.0
    git: https://github.com/kowainik/tomland.git
    pantry-tree:
      size: 5000
      sha256: 68d6f9a3e4c20cc4645374b30000017a75c4ab1c131590538edad2ea0e4a53bd
    commit: 536a5e6ffb148d0dd4e4c4b120913a6744097676
  original:
    git: https://github.com/kowainik/tomland.git
    commit: 536a5e6ffb148d0dd4e4c4b120913a6744097676
- completed:
    subdir: hedge-trimmer
    name: hedge-trimmer
    version: 1.0.0.0
    git: https://gitlab.com/everythingfunctional/hedge.git
    pantry-tree:
      size: 226
      sha256: 19972f5b81c7627d6b66c852dfb7e0e67b3931ed4f418663c152717ce4ea267e
    commit: 597b6475fd0b88369020e0de1de5885546d572f8
  original:
    subdir: hedge-trimmer
    git: https://gitlab.com/everythingfunctional/hedge.git
    commit: 597b6475fd0b88369020e0de1de5885546d572f8
- completed:
    hackage: quickcheck-with-counterexamples-1.2@sha256:d322d79008602df26f5eb4e1379e5b58bf1a92604df8601e71e200cfc3e847a3,1688
    pantry-tree:
      size: 724
      sha256: 0046517e3cc2adebfce19d4aad05a06dcf55ec9e572fa1c661ba9abe81386484
  original:
    hackage: quickcheck-with-counterexamples-1.2
snapshots:
- completed:
    size: 524996
    url: https://raw.githubusercontent.com/commercialhaskell/stackage-snapshots/master/lts/14/27.yaml
    sha256: 7ea31a280c56bf36ff591a7397cc384d0dff622e7f9e4225b47d8980f019a0f0
  original: lts-14.27
